
Microsoft Visual Studio Solution File, Format Version 12.00
# Visual Studio Version 17
VisualStudioVersion = 17.8.34525.116
MinimumVisualStudioVersion = 10.0.40219.1
Project("{FAE04EC0-301F-11D3-BF4B-00C04F79EFBC}") = "RistoMenu", "RistoMenu.csproj", "{5D822F39-9E26-4C41-B510-1A162F39B633}"
EndProject
Global
	GlobalSection(SolutionConfigurationPlatforms) = preSolution
		Debug|Any CPU = Debug|Any CPU
		Release|Any CPU = Release|Any CPU
	EndGlobalSection
	GlobalSection(ProjectConfigurationPlatforms) = postSolution
		{5D822F39-9E26-4C41-B510-1A162F39B633}.Debug|Any CPU.ActiveCfg = Debug|Any CPU
		{5D822F39-9E26-4C41-B510-1A162F39B633}.Debug|Any CPU.Build.0 = Debug|Any CPU
		{5D822F39-9E26-4C41-B510-1A162F39B633}.Release|Any CPU.ActiveCfg = Release|Any CPU
		{5D822F39-9E26-4C41-B510-1A162F39B633}.Release|Any CPU.Build.0 = Release|Any CPU
	EndGlobalSection
	GlobalSection(SolutionProperties) = preSolution
		HideSolutionNode = FALSE
	EndGlobalSection
	GlobalSection(ExtensibilityGlobals) = postSolution
		SolutionGuid = {A9719E1A-6201-4EB5-BB11-93DF217D52CD}
	EndGlobalSection
EndGlobal
